
Microsoft Visual Studio Solution File, Format Version 12.00
# Visual Studio 15
VisualStudioVersion = 15.0.28307.106
MinimumVisualStudioVersion = 10.0.40219.1
Project("{FAE04EC0-301F-11D3-BF4B-00C04F79EFBC}") = "TicTakToe", "TicTakToe\TicTakToe.csproj", "{5D98770C-8F2E-46C1-BCD2-8ED4116A9FA6}"
EndProject
Global
	GlobalSection(SolutionConfigurationPlatforms) = preSolution
		Debug|Any CPU = Debug|Any CPU
		Release|Any CPU = Release|Any CPU
	EndGlobalSection
	GlobalSection(ProjectConfigurationPlatforms) = postSolution
		{5D98770C-8F2E-46C1-BCD2-8ED4116A9FA6}.Debug|Any CPU.ActiveCfg = Debug|Any CPU
		{5D98770C-8F2E-46C1-BCD2-8ED4116A9FA6}.Debug|Any CPU.Build.0 = Debug|Any CPU
		{5D98770C-8F2E-46C1-BCD2-8ED4116A9FA6}.Release|Any CPU.ActiveCfg = Release|Any CPU
		{5D98770C-8F2E-46C1-BCD2-8ED4116A9FA6}.Release|Any CPU.Build.0 = Release|Any CPU
	EndGlobalSection
	GlobalSection(SolutionProperties) = preSolution
		HideSolutionNode = FALSE
	EndGlobalSection
	GlobalSection(ExtensibilityGlobals) = postSolution
		SolutionGuid = {154694FA-1C79-43AB-8A1C-D0C1BA58ED69}
	EndGlobalSection
EndGlobal
